
Microsoft Visual Studio Solution File, Format Version 12.00
# Visual Studio Version 17
VisualStudioVersion = 17.6.33723.286
MinimumVisualStudioVersion = 10.0.40219.1
Project("{FAE04EC0-301F-11D3-BF4B-00C04F79EFBC}") = "Algorithms Simulator", "Tabs_Algo\Algorithms Simulator.csproj", "{CEE5D6F4-3785-4148-A2E0-91CE9B93BADC}"
EndProject
Global
	GlobalSection(SolutionConfigurationPlatforms) = preSolution
		Debug|Any CPU = Debug|Any CPU
		Release|Any CPU = Release|Any CPU
	EndGlobalSection
	GlobalSection(ProjectConfigurationPlatforms) = postSolution
		{CEE5D6F4-3785-4148-A2E0-91CE9B93BADC}.Debug|Any CPU.ActiveCfg = Debug|Any CPU
		{CEE5D6F4-3785-4148-A2E0-91CE9B93BADC}.Debug|Any CPU.Build.0 = Debug|Any CPU
		{CEE5D6F4-3785-4148-A2E0-91CE9B93BADC}.Release|Any CPU.ActiveCfg = Release|Any CPU
		{CEE5D6F4-3785-4148-A2E0-91CE9B93BADC}.Release|Any CPU.Build.0 = Release|Any CPU
	EndGlobalSection
	GlobalSection(SolutionProperties) = preSolution
		HideSolutionNode = FALSE
	EndGlobalSection
	GlobalSection(ExtensibilityGlobals) = postSolution
		SolutionGuid = {301DFA3C-2AFD-49C5-A5AB-7769B009F215}
	EndGlobalSection
EndGlobal
